[[package]]
category = "main"
description = "Classes Without Boilerplate"
name = "attrs"
optional = false
python-versions = ">=2.7, !=3.0.*, !=3.1.*, !=3.2.*, !=3.3.*"
version = "19.3.0"

[[package]]
category = "main"
description = "CC-Core is part of the Curious Containers project. It contains shared code of the CC-FAICE and CC-Agency packages."
name = "cc-core"
optional = false
python-versions = ">=3.5,<4.0"
version = "8.1.0"

[package.dependencies]
docker = ">=4.0,<5.0"
jsonschema = ">=3.1,<4.0"
"ruamel.yaml" = ">=0.16.5,<0.17.0"

[[package]]
category = "main"
description = "Python package for providing Mozilla's CA Bundle."
name = "certifi"
optional = false
python-versions = "*"
version = "2019.9.11"

[[package]]
category = "main"
description = "Foreign Function Interface for Python calling C code."
marker = "sys_platform == \"linux\""
name = "cffi"
optional = false
python-versions = "*"
version = "1.13.1"

[package.dependencies]
pycparser = "*"

[[package]]
category = "main"
description = "Universal encoding detector for Python 2 and 3"
name = "chardet"
optional = false
python-versions = "*"
version = "3.0.4"

[[package]]
category = "main"
description = "cryptography is a package which provides cryptographic recipes and primitives to Python developers."
marker = "sys_platform == \"linux\""
name = "cryptography"
optional = false
python-versions = ">=2.7,!=3.0.*,!=3.1.*,!=3.2.*,!=3.3.*"
version = "2.8"

[package.dependencies]
cffi = ">=1.8,<1.11.3 || >1.11.3"
six = ">=1.4.1"

[[package]]
category = "main"
description = "A Python library for the Docker Engine API."
name = "docker"
optional = false
python-versions = ">=2.7, !=3.0.*, !=3.1.*, !=3.2.*, !=3.3.*, !=3.4.*"
version = "4.1.0"

[package.dependencies]
requests = ">=2.14.2,<2.18.0 || >2.18.0"
six = ">=1.4.0"
websocket-client = ">=0.32.0"
[[package.dependencies.pypiwin32]]
python = "<3.6"
version = "219"

[[package.dependencies.pypiwin32]]
python = ">=3.6"
version = "223"

[[package]]
category = "main"
description = "Discover and load entry points from installed packages."
name = "entrypoints"
optional = false
python-versions = ">=2.7"
version = "0.3"

[[package]]
category = "main"
description = "Internationalized Domain Names in Applications (IDNA)"
name = "idna"
optional = false
python-versions = ">=2.7, !=3.0.*, !=3.1.*, !=3.2.*, !=3.3.*"
version = "2.8"

[[package]]
category = "main"
description = "Read metadata from Python packages"
name = "importlib-metadata"
optional = false
python-versions = ">=2.7,!=3.0,!=3.1,!=3.2,!=3.3"
version = "0.23"

[package.dependencies]
zipp = ">=0.5"

[[package]]
category = "main"
description = "Low-level, pure Python DBus protocol wrapper."
marker = "sys_platform == \"linux\""
name = "jeepney"
optional = false
python-versions = ">=3.5"
version = "0.4.1"

[[package]]
category = "main"
description = "An implementation of JSON Schema validation for Python"
name = "jsonschema"
optional = false
python-versions = "*"
version = "3.1.1"

[package.dependencies]
attrs = ">=17.4.0"
importlib-metadata = "*"
pyrsistent = ">=0.14.0"
setuptools = "*"
six = ">=1.11.0"

[[package]]
category = "main"
description = "Store and access your passwords safely."
name = "keyring"
optional = false
python-versions = ">=3.5"
version = "19.2.0"

[package.dependencies]
entrypoints = "*"
pywin32-ctypes = "<0.1.0 || >0.1.0,<0.1.1 || >0.1.1"
secretstorage = "*"

[[package]]
category = "main"
description = "More routines for operating on iterables, beyond itertools"
name = "more-itertools"
optional = false
python-versions = ">=3.4"
version = "7.2.0"

[[package]]
category = "main"
description = "C parser in Python"
marker = "sys_platform == \"linux\""
name = "pycparser"
optional = false
python-versions = ">=2.7, !=3.0.*, !=3.1.*, !=3.2.*, !=3.3.*"
version = "2.19"

[[package]]
category = "main"
description = "Python for Window Extensions"
marker = "sys_platform == \"win32\" and python_version < \"3.6\""
name = "pypiwin32"
optional = false
python-versions = "*"
version = "219"

[[package]]
category = "main"
description = ""
marker = "sys_platform == \"win32\" and python_version >= \"3.6\""
name = "pypiwin32"
optional = false
python-versions = "*"
version = "223"

[package.dependencies]
pywin32 = ">=223"

[[package]]
category = "main"
description = "Persistent/Functional/Immutable data structures"
name = "pyrsistent"
optional = false
python-versions = "*"
version = "0.15.4"

[package.dependencies]
six = "*"

[[package]]
category = "main"
description = "Python for Window Extensions"
marker = "sys_platform == \"win32\" and python_version >= \"3.6\""
name = "pywin32"
optional = false
python-versions = "*"
version = "225"

[[package]]
category = "main"
description = ""
marker = "sys_platform == \"win32\""
name = "pywin32-ctypes"
optional = false
python-versions = "*"
version = "0.2.0"

[[package]]
category = "main"
description = "Python HTTP for Humans."
name = "requests"
optional = false
python-versions = ">=2.7, !=3.0.*, !=3.1.*, !=3.2.*, !=3.3.*, !=3.4.*"
version = "2.22.0"

[package.dependencies]
certifi = ">=2017.4.17"
chardet = ">=3.0.2,<3.1.0"
idna = ">=2.5,<2.9"
urllib3 = ">=1.21.1,<1.25.0 || >1.25.0,<1.25.1 || >1.25.1,<1.26"

[[package]]
category = "main"
description = "ruamel.yaml is a YAML parser/emitter that supports roundtrip preservation of comments, seq/map flow style, and map key order"
name = "ruamel.yaml"
optional = false
python-versions = "*"
version = "0.16.5"

[package.dependencies]
[package.dependencies."ruamel.yaml.clib"]
python = "<3.8"
version = ">=0.1.2"

[[package]]
category = "main"
description = "C version of reader, parser and emitter for ruamel.yaml derived from libyaml"
marker = "platform_python_implementation == \"CPython\" and python_version < \"3.8\""
name = "ruamel.yaml.clib"
optional = false
python-versions = "*"
version = "0.2.0"

[[package]]
category = "main"
description = "Python bindings to FreeDesktop.org Secret Service API"
marker = "sys_platform == \"linux\""
name = "secretstorage"
optional = false
python-versions = ">=3.5"
version = "3.1.1"

[package.dependencies]
cryptography = "*"
jeepney = "*"

[[package]]
category = "main"
description = "Python 2 and 3 compatibility utilities"
name = "six"
optional = false
python-versions = ">=2.6, !=3.0.*, !=3.1.*"
version = "1.12.0"

[[package]]
category = "main"
description = "HTTP library with thread-safe connection pooling, file post, and more."
name = "urllib3"
optional = false
python-versions = ">=2.7, !=3.0.*, !=3.1.*, !=3.2.*, !=3.3.*, <4"
version = "1.25.6"

[[package]]
category = "main"
description = "WebSocket client for Python. hybi13 is supported."
name = "websocket-client"
optional = false
python-versions = ">=2.6, !=3.0.*, !=3.1.*, !=3.2.*, !=3.3.*"
version = "0.56.0"

[package.dependencies]
six = "*"

[[package]]
category = "main"
description = "Backport of pathlib-compatible object wrapper for zip files"
name = "zipp"
optional = false
python-versions = ">=2.7"
version = "0.6.0"

[package.dependencies]
more-itertools = "*"

[metadata]
content-hash = "6d7818b74b595a46e89615a159d276292fb639c71781f8178e15f96d2f0b39de"
python-versions = "^3.5"

[metadata.hashes]
attrs = ["08a96c641c3a74e44eb59afb61a24f2cb9f4d7188748e76ba4bb5edfa3cb7d1c", "f7b7ce16570fe9965acd6d30101a28f62fb4a7f9e926b3bbc9b61f8b04247e72"]
cc-core = ["bd5fefb0605e3736a61aee0eb873907a6d091c93069ae10f38021ac2a7e15e44", "caf49f21cd0ca6d1c5e3e7f455adc7c090349a670cd2242914706e77d6a18591"]
certifi = ["e4f3620cfea4f83eedc95b24abd9cd56f3c4b146dd0177e83a21b4eb49e21e50", "fd7c7c74727ddcf00e9acd26bba8da604ffec95bf1c2144e67aff7a8b50e6cef"]
cffi = ["00d890313797d9fe4420506613384b43099ad7d2b905c0752dbcc3a6f14d80fa", "0cf9e550ac6c5e57b713437e2f4ac2d7fd0cd10336525a27224f5fc1ec2ee59a", "0ea23c9c0cdd6778146a50d867d6405693ac3b80a68829966c98dd5e1bbae400", "193697c2918ecdb3865acf6557cddf5076bb39f1f654975e087b67efdff83365", "1ae14b542bf3b35e5229439c35653d2ef7d8316c1fffb980f9b7647e544baa98", "1e389e069450609c6ffa37f21f40cce36f9be7643bbe5051ab1de99d5a779526", "263242b6ace7f9cd4ea401428d2d45066b49a700852334fd55311bde36dcda14", "33142ae9807665fa6511cfa9857132b2c3ee6ddffb012b3f0933fc11e1e830d5", "364f8404034ae1b232335d8c7f7b57deac566f148f7222cef78cf8ae28ef764e", "47368f69fe6529f8f49a5d146ddee713fc9057e31d61e8b6dc86a6a5e38cecc1", "4895640844f17bec32943995dc8c96989226974dfeb9dd121cc45d36e0d0c434", "558b3afef987cf4b17abd849e7bedf64ee12b28175d564d05b628a0f9355599b", "5ba86e1d80d458b338bda676fd9f9d68cb4e7a03819632969cf6d46b01a26730", "63424daa6955e6b4c70dc2755897f5be1d719eabe71b2625948b222775ed5c43", "6381a7d8b1ebd0bc27c3bc85bc1bfadbb6e6f756b4d4db0aa1425c3719ba26b4", "6381ab708158c4e1639da1f2a7679a9bbe3e5a776fc6d1fd808076f0e3145331", "6fd58366747debfa5e6163ada468a90788411f10c92597d3b0a912d07e580c36", "728ec653964655d65408949b07f9b2219df78badd601d6c49e28d604efe40599", "7cfcfda59ef1f95b9f729c56fe8a4041899f96b72685d36ef16a3440a0f85da8", "819f8d5197c2684524637f940445c06e003c4a541f9983fd30d6deaa2a5487d8", "825ecffd9574557590e3225560a8a9d751f6ffe4a49e3c40918c9969b93395fa", "9009e917d8f5ef780c2626e29b6bc126f4cb2a4d43ca67aa2b40f2a5d6385e78", "9c77564a51d4d914ed5af096cd9843d90c45b784b511723bd46a8a9d09cf16fc", "a19089fa74ed19c4fe96502a291cfdb89223a9705b1d73b3005df4256976142e", "a40ed527bffa2b7ebe07acc5a3f782da072e262ca994b4f2085100b5a444bbb2", "bb75ba21d5716abc41af16eac1145ab2e471deedde1f22c6f99bd9f995504df0", "e22a00c0c81ffcecaf07c2bfb3672fa372c50e2bd1024ffee0da191c1b27fc71", "e55b5a746fb77f10c83e8af081979351722f6ea48facea79d470b3731c7b2891", "ec2fa3ee81707a5232bf2dfbd6623fdb278e070d596effc7e2d788f2ada71a05", "fd82eb4694be712fcae03c717ca2e0fc720657ac226b80bbb597e971fc6928c2"]
chardet = ["84ab92ed1c4d4f16916e05906b6b75a6c0fb5db821cc65e70cbd64a3e2a5eaae", "fc323ffcaeaed0e0a02bf4d117757b98aed530d9ed4531e3e15460124c106691"]
cryptography = ["02079a6addc7b5140ba0825f542c0869ff4df9a69c360e339ecead5baefa843c", "1df22371fbf2004c6f64e927668734070a8953362cd8370ddd336774d6743595", "369d2346db5934345787451504853ad9d342d7f721ae82d098083e1f49a582ad", "3cda1f0ed8747339bbdf71b9f38ca74c7b592f24f65cdb3ab3765e4b02871651", "44ff04138935882fef7c686878e1c8fd80a723161ad6a98da31e14b7553170c2", "4b1030728872c59687badcca1e225a9103440e467c17d6d1730ab3d2d64bfeff", "58363dbd966afb4f89b3b11dfb8ff200058fbc3b947507675c19ceb46104b48d", "6ec280fb24d27e3d97aa731e16207d58bd8ae94ef6eab97249a2afe4ba643d42", "7270a6c29199adc1297776937a05b59720e8a782531f1f122f2eb8467f9aab4d", "73fd30c57fa2d0a1d7a49c561c40c2f79c7d6c374cc7750e9ac7c99176f6428e", "7f09806ed4fbea8f51585231ba742b58cbcfbfe823ea197d8c89a5e433c7e912", "90df0cc93e1f8d2fba8365fb59a858f51a11a394d64dbf3ef844f783844cc793", "971221ed40f058f5662a604bd1ae6e4521d84e6cad0b7b170564cc34169c8f13", "a518c153a2b5ed6b8cc03f7ae79d5ffad7315ad4569b2d5333a13c38d64bd8d7", "b0de590a8b0979649ebeef8bb9f54394d3a41f66c5584fff4220901739b6b2f0", "b43f53f29816ba1db8525f006fa6f49292e9b029554b3eb56a189a70f2a40879", "d31402aad60ed889c7e57934a03477b572a03af7794fa8fb1780f21ea8f6551f", "de96157ec73458a7f14e3d26f17f8128c959084931e8997b9e655a39c8fde9f9", "df6b4dca2e11865e6cfbfb708e800efb18370f5a46fd601d3755bc7f85b3a8a2", "ecadccc7ba52193963c0475ac9f6fa28ac01e01349a2ca48509667ef41ffd2cf", "fb81c17e0ebe3358486cd8cc3ad78adbae58af12fc2bf2bc0bb84e8090fa5ce8"]
docker = ["6e06c5e70ba4fad73e35f00c55a895a448398f3ada7faae072e2bb01348bafc1", "8f93775b8bdae3a2df6bc9a5312cce564cade58d6555f2c2570165a1270cd8a7"]
entrypoints = ["589f874b313739ad35be6e0cd7efde2a4e9b6fea91edcc34e58ecbb8dbe56d19", "c70dd71abe5a8c85e55e12c19bd91ccfeec11a6e99044204511f9ed547d48451"]
idna = ["c357b3f628cf53ae2c4c05627ecc484553142ca23264e593d327bcde5e9c3407", "ea8b7f6188e6fa117537c3df7da9fc686d485087abf6ac197f9c46432f7e4a3c"]
importlib-metadata = ["aa18d7378b00b40847790e7c27e11673d7fed219354109d0e7b9e5b25dc3ad26", "d5f18a79777f3aa179c145737780282e27b508fc8fd688cb17c7a813e8bd39af"]
jeepney = ["13806f91a96e9b2623fd2a81b950d763ee471454aafd9eb6d75dbe7afce428fb", "f6a3f93464a0cf052f4e87da3c8b3ed1e27696758fb9739c63d3a74d9a1b6774"]
jsonschema = ["2fa0684276b6333ff3c0b1b27081f4b2305f0a36cf702a23db50edb141893c3f", "94c0a13b4a0616458b42529091624e66700a17f847453e52279e35509a5b7631"]
keyring = ["91037ccaf0c9a112a76f7740e4a416b9457a69b66c2799421581bee710a974b3", "f5bb20ea6c57c2360daf0c591931c9ea0d7660a8d9e32ca84d63273f131ea605"]
more-itertools = ["409cd48d4db7052af495b09dec721011634af3753ae1ef92d2b32f73a745f832", "92b8c4b06dac4f0611c0729b2f2ede52b2e1bac1ab48f089c7ddc12e26bb60c4"]
pycparser = ["a988718abfad80b6b157acce7bf130a30876d27603738ac39f140993246b25b3"]
pypiwin32 = ["06d478295c89dbdd4187e1ac099bb8eab93c29e298bded4e2fbc77009287fa44", "0b8f74a48021d71c8645d4a9de5426dcd800976a96d9a3bfb90136b24b9318a6", "34fd396098d5b29b2a1ae71db5ca9ba91e1c6c5b7fb7fbff1296e0d45f0b103f", "44217c51c54b1dd0de31bdad270d5e18dab0c8fa8c121ddf63fa86fa5991787f", "5618522ad9c2b229d8a9a1c5175d135a397bf70d6db1d352adf0131aa5321258", "5e0101cb712a3b90ee1ccdf8b90ae48958c78e8f1584e958db85bb1a403a91d2", "5e64895aed07c7124b57ff21e48ee0ca4caa9d1f85042b1e7c35eecd0e2f01be", "69f63942403f5a6262f05602106ef4921db582df83c59b1a3571995652a6c762", "74ac5855269b3d67458815a709f083e74961fd5d558a4b9e1307eaa6c832d827", "794150d9e0c1fc61a9f5845d88028d24ffdf78253f03d7d623e0e1c103b5d92b", "ca375fdf0adb961d1988786aa2bcb54aac23fd1a647b591ccf44e0965a6dc51f", "ec4b285e1a58dc6eeaa331d5d278dbc6e9da3fa2675cbb803a9c88d2b9c43f79", "f226481dade2c075e7f488485b6e18a279367b94a019baf71493fab475f3a4b8", "f811d494040e91e38f01ef1e127177bbb9fdc350126a11cd65ac5db6cad2b92e", "fbe640e946e2fcd983048e2c40bee28eba884a9e0178fb1cf03e1d365abd8e3f", "67adf399debc1d5d14dffc1ab5acacb800da569754fafdc576b2a039485aa775", "71be40c1fbd28594214ecaecb58e7aa8b708eabfa0125c8a109ebd51edbd776a"]
pyrsistent = ["34b47fa169d6006b32e99d4b3c4031f155e6e68ebcc107d6454852e8e0ee6533"]
pywin32 = ["0443e9bb196e72480f50cbddc2cf98fbb858a77d02e281ba79489ea3287b36e9", "09bbe7cdb29eb40ab2e83f7a232eeeedde864be7a0622b70a90f456aad07a234", "0d8e0f47808798d320c983574c36c49db642678902933a210edd40157d206fd0", "0db7c9f4b93528afd080d35912a60be2f86a1d6c49c0a9cf9cedd106eed81ea3", "749e590875051661ecefbd9dfa957a485016de0f25e43f5e70f888ef1e29587b", "779d3e9d4b934f2445d2920c3941416d99af72eb7f7fd57a63576cc8aa540ad6", "7c89d2c11a31c7aaa16dc4d25054d7e0e99d6f6b24193cf62c83850484658c87", "81f7732b662c46274d7d8c411c905d53e71999cba95457a0686467c3ebc745ca", "9db1fb8830bfa99c5bfd335d4482c14db5c6f5028db3b006787ef4200206242b", "bd8d04835db28646d9e07fd0ab7c7b18bd90e89dfdc559e60389179495ef30da", "fc6822a68afd79e97b015985dd455767c72009b81bcd18957068626c43f11e75", "fe6cfc2045931866417740b575231c7e12d69d481643be1493487ad53b089959"]
pywin32-ctypes = ["24ffc3b341d457d48e8922352130cf2644024a4ff09762a2261fd34c36ee5942", "9dc2d991b3479cc2df15930958b674a48a227d5361d413827a4cfd0b5876fc98"]
requests = ["11e007a8a2aa0323f5a921e9e6a2d7e4e67d9877e85773fba9ba6419025cbeb4", "9cf5292fcd0f598c671cfc1e0d7d1a7f13bb8085e9a590f48c010551dc6c4b31"]
"ruamel.yaml" = ["0db639b1b2742dae666c6fc009b8d1931ef15c9276ef31c0673cc6dcf766cf40", "412a6f5cfdc0525dee6a27c08f5415c7fd832a7afcb7a0ed7319628aed23d408"]
"ruamel.yaml.clib" = ["1e77424825caba5553bbade750cec2277ef130647d685c2b38f68bc03453bac6", "392b7c371312abf27fb549ec2d5e0092f7ef6e6c9f767bfb13e83cb903aca0fd", "4d55386129291b96483edcb93b381470f7cd69f97585829b048a3d758d31210a", "550168c02d8de52ee58c3d8a8193d5a8a9491a5e7b2462d27ac5bf63717574c9", "57933a6986a3036257ad7bf283529e7c19c2810ff24c86f4a0cfeb49d2099919", "615b0396a7fad02d1f9a0dcf9f01202bf9caefee6265198f252c865f4227fcc6", "77556a7aa190be9a2bd83b7ee075d3df5f3c5016d395613671487e79b082d784", "7aee724e1ff424757b5bd8f6c5bbdb033a570b2b4683b17ace4dbe61a99a657b", "8073c8b92b06b572e4057b583c3d01674ceaf32167801fe545a087d7a1e8bf52", "9c6d040d0396c28d3eaaa6cb20152cb3b2f15adf35a0304f4f40a3cf9f1d2448", "a0ff786d2a7dbe55f9544b3f6ebbcc495d7e730df92a08434604f6f470b899c5", "b1b7fcee6aedcdc7e62c3a73f238b3d080c7ba6650cd808bce8d7761ec484070", "b66832ea8077d9b3f6e311c4a53d06273db5dc2db6e8a908550f3c14d67e718c", "d0d3ac228c9bbab08134b4004d748cf9f8743504875b3603b3afbb97e3472947", "d10e9dd744cf85c219bf747c75194b624cc7a94f0c80ead624b06bfa9f61d3bc", "ea4362548ee0cbc266949d8a441238d9ad3600ca9910c3fe4e82ee3a50706973", "ed5b3698a2bb241b7f5cbbe277eaa7fe48b07a58784fba4f75224fd066d253ad", "f9dcc1ae73f36e8059589b601e8e4776b9976effd76c21ad6a855a74318efd6e"]
secretstorage = ["20c797ae48a4419f66f8d28fc221623f11fc45b6828f96bdb1ad9990acb59f92", "7a119fb52a88e398dbb22a4b3eb39b779bfbace7e4153b7bc6e5954d86282a8a"]
six = ["3350809f0555b11f552448330d0b52d5f24c91a322ea4a15ef22629740f3761c", "d16a0141ec1a18405cd4ce8b4613101da75da0e9a7aec5bdd4fa804d0e0eba73"]
urllib3 = ["3de946ffbed6e6746608990594d08faac602528ac7015ac28d33cee6a45b7398", "9a107b99a5393caf59c7aa3c1249c16e6879447533d0887f4336dde834c7be86"]
websocket-client = ["1151d5fb3a62dc129164292e1227655e4bbc5dd5340a5165dfae61128ec50aa9", "1fd5520878b68b84b5748bb30e592b10d0a91529d5383f74f4964e72b297fd3a"]
zipp = ["3718b1cbcd963c7d4c5511a8240812904164b7f381b647143a89d3b98f9bcd8e", "f06903e9f1f43b12d371004b4ac7b06ab39a44adc747266928ae6debfa7b3335"]
